{
  "name": "Examples-for-dynamodb-data-types",
  "version": "1.0.0",
  "lockfileVersion": 1,
  "requires": true,
  "dependencies": {
    "aws-sdk": {
      "version": "2.1.45",
      "resolved": "https://registry.npmjs.org/aws-sdk/-/aws-sdk-2.1.45.tgz",
      "integrity": "sha1-GggazFm6hUDDFeV+iuMf7jnqA34=",
      "requires": {
        "sax": "0.5.3",
        "xml2js": "0.2.8",
        "xmlbuilder": "0.4.2"
      },
      "dependencies": {
        "sax": {
          "version": "0.5.3",
          "resolved": "https://registry.npmjs.org/sax/-/sax-0.5.3.tgz",
          "integrity": "sha1-N3NxSg2RV8qqcwKXHvpcbc2lUtY="
        },
        "xml2js": {
          "version": "0.2.8",
          "resolved": "https://registry.npmjs.org/xml2js/-/xml2js-0.2.8.tgz",
          "integrity": "sha1-m4FpCTFjH/CdGVdUn69U9PmAs8I=",
          "requires": {
            "sax": "0.5.x"
          }
        },
        "xmlbuilder": {
          "version": "0.4.2",
          "resolved": "https://registry.npmjs.org/xmlbuilder/-/xmlbuilder-0.4.2.tgz",
          "integrity": "sha1-F3bWXz/brUcKCNhgTN6xxOVA/4M="
        }
      }
    },
    "dynamodb-data-types": {
      "version": "3.0.3",
      "resolved": "https://registry.npmjs.org/dynamodb-data-types/-/dynamodb-data-types-3.0.3.tgz",
      "integrity": "sha512-q1HvDmBnOAOp76qSaYczL1IXtO/p80wXKDJLVxiUkWeFs7V/R4DQhKQsjARBSKBBr9lbIdpNZOW1jg8OPWtr3w=="
    }
  }
}
